
Microsoft Visual Studio Solution File, Format Version 12.00
# Visual Studio Version 16
VisualStudioVersion = 16.0.31702.278
MinimumVisualStudioVersion = 10.0.40219.1
Project("{FAE04EC0-301F-11D3-BF4B-00C04F79EFBC}") = "Lab23", "Lab23\Lab23.csproj", "{ECC10462-CD25-4F4B-908C-1D393EF61A83}"
EndProject
Global
	GlobalSection(SolutionConfigurationPlatforms) = preSolution
		Debug|Any CPU = Debug|Any CPU
		Release|Any CPU = Release|Any CPU
	EndGlobalSection
	GlobalSection(ProjectConfigurationPlatforms) = postSolution
		{ECC10462-CD25-4F4B-908C-1D393EF61A83}.Debug|Any CPU.ActiveCfg = Debug|Any CPU
		{ECC10462-CD25-4F4B-908C-1D393EF61A83}.Debug|Any CPU.Build.0 = Debug|Any CPU
		{ECC10462-CD25-4F4B-908C-1D393EF61A83}.Release|Any CPU.ActiveCfg = Release|Any CPU
		{ECC10462-CD25-4F4B-908C-1D393EF61A83}.Release|Any CPU.Build.0 = Release|Any CPU
	EndGlobalSection
	GlobalSection(SolutionProperties) = preSolution
		HideSolutionNode = FALSE
	EndGlobalSection
	GlobalSection(ExtensibilityGlobals) = postSolution
		SolutionGuid = {6764A2C1-A710-49CA-9607-78BD5E411815}
	EndGlobalSection
EndGlobal
